
Microsoft Visual Studio Solution File, Format Version 12.00
# Visual Studio Version 17
VisualStudioVersion = 17.5.33530.505
MinimumVisualStudioVersion = 10.0.40219.1
Project("{FAE04EC0-301F-11D3-BF4B-00C04F79EFBC}") = "WashEntrance_V1", "WashEntrance_V1\WashEntrance_V1.csproj", "{A1AC8176-EF24-44A8-AC2F-664D86ADE291}"
EndProject
Global
	GlobalSection(SolutionConfigurationPlatforms) = preSolution
		Debug|Any CPU = Debug|Any CPU
		Release|Any CPU = Release|Any CPU
	EndGlobalSection
	GlobalSection(ProjectConfigurationPlatforms) = postSolution
		{A1AC8176-EF24-44A8-AC2F-664D86ADE291}.Debug|Any CPU.ActiveCfg = Debug|Any CPU
		{A1AC8176-EF24-44A8-AC2F-664D86ADE291}.Debug|Any CPU.Build.0 = Debug|Any CPU
		{A1AC8176-EF24-44A8-AC2F-664D86ADE291}.Release|Any CPU.ActiveCfg = Release|Any CPU
		{A1AC8176-EF24-44A8-AC2F-664D86ADE291}.Release|Any CPU.Build.0 = Release|Any CPU
	EndGlobalSection
	GlobalSection(SolutionProperties) = preSolution
		HideSolutionNode = FALSE
	EndGlobalSection
	GlobalSection(ExtensibilityGlobals) = postSolution
		SolutionGuid = {47F48F72-5ACE-4458-991A-DF21E3307C14}
	EndGlobalSection
EndGlobal
